// !$*UTF8*$!
{
	archiveVersion = 1;
	classes = {
	};
	objectVersion = 55;
	objects = {

/* Begin PBXBuildFile section */
		27602EF3030EF51427C9146E /* Pods_Read_and_Tell_Read_and_TellUITests.framework in Frameworks */ = {isa = PBXBuildFile; fileRef = 9DFE11B952D940728B8FA723 /* Pods_Read_and_Tell_Read_and_TellUITests.framework */; };
		3231C8ABACF3553686ABF66E /* Pods_Read_and_Tell.framework in Frameworks */ = {isa = PBXBuildFile; fileRef = AF36CD35202CA904D35BFBA0 /* Pods_Read_and_Tell.framework */; };
		6E0D1033EE67066FE5B435DD /* Pods_Read_and_TellTests.framework in Frameworks */ = {isa = PBXBuildFile; fileRef = EFE015C5A82D533D0CC0F3B9 /* Pods_Read_and_TellTests.framework */; };
		7749C738290F91B50029A91D /* CollectionScreenViewController.swift in Sources */ = {isa = PBXBuildFile; fileRef = 7749C737290F91B50029A91D /* CollectionScreenViewController.swift */; };
		7749C73A290F9CAA0029A91D /* Assets.xcassets in Resources */ = {isa = PBXBuildFile; fileRef = 7749C739290F9CAA0029A91D /* Assets.xcassets */; };
		7749C73C290FA0000029A91D /* CollectionGridCell.swift in Sources */ = {isa = PBXBuildFile; fileRef = 7749C73B290FA0000029A91D /* CollectionGridCell.swift */; };
		777FC5762907B54300697B75 /* AppDelegate.swift in Sources */ = {isa = PBXBuildFile; fileRef = 777FC5752907B54300697B75 /* AppDelegate.swift */; };
		777FC5782907B54300697B75 /* SceneDelegate.swift in Sources */ = {isa = PBXBuildFile; fileRef = 777FC5772907B54300697B75 /* SceneDelegate.swift */; };
		777FC57A2907B54300697B75 /* ViewController.swift in Sources */ = {isa = PBXBuildFile; fileRef = 777FC5792907B54300697B75 /* ViewController.swift */; };
		777FC57D2907B54300697B75 /* Main.storyboard in Resources */ = {isa = PBXBuildFile; fileRef = 777FC57B2907B54300697B75 /* Main.storyboard */; };
		777FC5822907B54500697B75 /* LaunchScreen.storyboard in Resources */ = {isa = PBXBuildFile; fileRef = 777FC5802907B54500697B75 /* LaunchScreen.storyboard */; };
		777FC58D2907B54500697B75 /* Read_and_TellTests.swift in Sources */ = {isa = PBXBuildFile; fileRef = 777FC58C2907B54500697B75 /* Read_and_TellTests.swift */; };
		777FC5972907B54500697B75 /* Read_and_TellUITests.swift in Sources */ = {isa = PBXBuildFile; fileRef = 777FC5962907B54500697B75 /* Read_and_TellUITests.swift */; };
		777FC5992907B54500697B75 /* Read_and_TellUITestsLaunchTests.swift in Sources */ = {isa = PBXBuildFile; fileRef = 777FC5982907B54500697B75 /* Read_and_TellUITestsLaunchTests.swift */; };
		89C21DB82909E1D500B041DE /* HomeScreenViewController.swift in Sources */ = {isa = PBXBuildFile; fileRef = 89C21DB72909E1D500B041DE /* HomeScreenViewController.swift */; };
		89C21DBA2909E28D00B041DE /* BookGridCell.swift in Sources */ = {isa = PBXBuildFile; fileRef = 89C21DB92909E28D00B041DE /* BookGridCell.swift */; };
/* End PBXBuildFile section */

/* Begin PBXContainerItemProxy section */
		777FC5892907B54500697B75 /* PBXContainerItemProxy */ = {
			isa = PBXContainerItemProxy;
			containerPortal = 777FC56A2907B54300697B75 /* Project object */;
			proxyType = 1;
			remoteGlobalIDString = 777FC5712907B54300697B75;
			remoteInfo = "Read and Tell";
		};
		777FC5932907B54500697B75 /* PBXContainerItemProxy */ = {
			isa = PBXContainerItemProxy;
			containerPortal = 777FC56A2907B54300697B75 /* Project object */;
			proxyType = 1;
			remoteGlobalIDString = 777FC5712907B54300697B75;
			remoteInfo = "Read and Tell";
		};
/* End PBXContainerItemProxy section */

/* Begin PBXFileReference section */
		0E94179367F53937B60712C6 /* Pods-Read and Tell-Read and TellUITests.debug.xcconfig */ = {isa = PBXFileReference; includeInIndex = 1; lastKnownFileType = text.xcconfig; name = "Pods-Read and Tell-Read and TellUITests.debug.xcconfig"; path = "Target Support Files/Pods-Read and Tell-Read and TellUITests/Pods-Read and Tell-Read and TellUITests.debug.xcconfig"; sourceTree = "<group>"; };
		18D4AC31E380C62B0252851B /* Pods-Read and Tell-Read and TellUITests.release.xcconfig */ = {isa = PBXFileReference; includeInIndex = 1; lastKnownFileType = text.xcconfig; name = "Pods-Read and Tell-Read and TellUITests.release.xcconfig"; path = "Target Support Files/Pods-Read and Tell-Read and TellUITests/Pods-Read and Tell-Read and TellUITests.release.xcconfig"; sourceTree = "<group>"; };
		2FC5905E6DB9E40CD15426B5 /* Pods-Read and TellTests.debug.xcconfig */ = {isa = PBXFileReference; includeInIndex = 1; lastKnownFileType = text.xcconfig; name = "Pods-Read and TellTests.debug.xcconfig"; path = "Target Support Files/Pods-Read and TellTests/Pods-Read and TellTests.debug.xcconfig"; sourceTree = "<group>"; };
		40396BFA8E8C38899A52D670 /* Pods-Read and Tell.release.xcconfig */ = {isa = PBXFileReference; includeInIndex = 1; lastKnownFileType = text.xcconfig; name = "Pods-Read and Tell.release.xcconfig"; path = "Target Support Files/Pods-Read and Tell/Pods-Read and Tell.release.xcconfig"; sourceTree = "<group>"; };
		7749C737290F91B50029A91D /* CollectionScreenViewController.swift */ = {isa = PBXFileReference; lastKnownFileType = sourcecode.swift; path = CollectionScreenViewController.swift; sourceTree = "<group>"; };
		7749C739290F9CAA0029A91D /* Assets.xcassets */ = {isa = PBXFileReference; lastKnownFileType = folder.assetcatalog; name = Assets.xcassets; path = ../../../../.Trash/Assets.xcassets; sourceTree = "<group>"; };
		7749C73B290FA0000029A91D /* CollectionGridCell.swift */ = {isa = PBXFileReference; lastKnownFileType = sourcecode.swift; path = CollectionGridCell.swift; sourceTree = "<group>"; };
		777FC5722907B54300697B75 /* Read and Tell.app */ = {isa = PBXFileReference; explicitFileType = wrapper.application; includeInIndex = 0; path = "Read and Tell.app"; sourceTree = BUILT_PRODUCTS_DIR; };
		777FC5752907B54300697B75 /* AppDelegate.swift */ = {isa = PBXFileReference; lastKnownFileType = sourcecode.swift; path = AppDelegate.swift; sourceTree = "<group>"; };
		777FC5772907B54300697B75 /* SceneDelegate.swift */ = {isa = PBXFileReference; lastKnownFileType = sourcecode.swift; path = SceneDelegate.swift; sourceTree = "<group>"; };
		777FC5792907B54300697B75 /* ViewController.swift */ = {isa = PBXFileReference; lastKnownFileType = sourcecode.swift; path = ViewController.swift; sourceTree = "<group>"; };
		777FC57C2907B54300697B75 /* Base */ = {isa = PBXFileReference; lastKnownFileType = file.storyboard; name = Base; path = Base.lproj/Main.storyboard; sourceTree = "<group>"; };
		777FC5812907B54500697B75 /* Base */ = {isa = PBXFileReference; lastKnownFileType = file.storyboard; name = Base; path = Base.lproj/LaunchScreen.storyboard; sourceTree = "<group>"; };
		777FC5832907B54500697B75 /* Info.plist */ = {isa = PBXFileReference; lastKnownFileType = text.plist.xml; path = Info.plist; sourceTree = "<group>"; };
		777FC5882907B54500697B75 /* Read and TellTests.xctest */ = {isa = PBXFileReference; explicitFileType = wrapper.cfbundle; includeInIndex = 0; path = "Read and TellTests.xctest"; sourceTree = BUILT_PRODUCTS_DIR; };
		777FC58C2907B54500697B75 /* Read_and_TellTests.swift */ = {isa = PBXFileReference; lastKnownFileType = sourcecode.swift; path = Read_and_TellTests.swift; sourceTree = "<group>"; };
		777FC5922907B54500697B75 /* Read and TellUITests.xctest */ = {isa = PBXFileReference; explicitFileType = wrapper.cfbundle; includeInIndex = 0; path = "Read and TellUITests.xctest"; sourceTree = BUILT_PRODUCTS_DIR; };
		777FC5962907B54500697B75 /* Read_and_TellUITests.swift */ = {isa = PBXFileReference; lastKnownFileType = sourcecode.swift; path = Read_and_TellUITests.swift; sourceTree = "<group>"; };
		777FC5982907B54500697B75 /* Read_and_TellUITestsLaunchTests.swift */ = {isa = PBXFileReference; lastKnownFileType = sourcecode.swift; path = Read_and_TellUITestsLaunchTests.swift; sourceTree = "<group>"; };
		78DEE57CFB282671778E3684 /* Pods-Read and Tell.debug.xcconfig */ = {isa = PBXFileReference; includeInIndex = 1; lastKnownFileType = text.xcconfig; name = "Pods-Read and Tell.debug.xcconfig"; path = "Target Support Files/Pods-Read and Tell/Pods-Read and Tell.debug.xcconfig"; sourceTree = "<group>"; };
		89C21DB72909E1D500B041DE /* HomeScreenViewController.swift */ = {isa = PBXFileReference; lastKnownFileType = sourcecode.swift; path = HomeScreenViewController.swift; sourceTree = "<group>"; };
		89C21DB92909E28D00B041DE /* BookGridCell.swift */ = {isa = PBXFileReference; lastKnownFileType = sourcecode.swift; path = BookGridCell.swift; sourceTree = "<group>"; };
		9DFE11B952D940728B8FA723 /* Pods_Read_and_Tell_Read_and_TellUITests.framework */ = {isa = PBXFileReference; explicitFileType = wrapper.framework; includeInIndex = 0; path = Pods_Read_and_Tell_Read_and_TellUITests.framework; sourceTree = BUILT_PRODUCTS_DIR; };
		AF36CD35202CA904D35BFBA0 /* Pods_Read_and_Tell.framework */ = {isa = PBXFileReference; explicitFileType = wrapper.framework; includeInIndex = 0; path = Pods_Read_and_Tell.framework; sourceTree = BUILT_PRODUCTS_DIR; };
		E1354AA5EE378E6C00BCDDD3 /* Pods-Read and TellTests.release.xcconfig */ = {isa = PBXFileReference; includeInIndex = 1; lastKnownFileType = text.xcconfig; name = "Pods-Read and TellTests.release.xcconfig"; path = "Target Support Files/Pods-Read and TellTests/Pods-Read and TellTests.release.xcconfig"; sourceTree = "<group>"; };
		EFE015C5A82D533D0CC0F3B9 /* Pods_Read_and_TellTests.framework */ = {isa = PBXFileReference; explicitFileType = wrapper.framework; includeInIndex = 0; path = Pods_Read_and_TellTests.framework; sourceTree = BUILT_PRODUCTS_DIR; };
/* End PBXFileReference section */

/* Begin PBXFrameworksBuildPhase section */
		777FC56F2907B54300697B75 /* Frameworks */ = {
			isa = PBXFrameworksBuildPhase;
			buildActionMask = 2147483647;
			files = (
				3231C8ABACF3553686ABF66E /* Pods_Read_and_Tell.framework in Frameworks */,
			);
			runOnlyForDeploymentPostprocessing = 0;
		};
		777FC5852907B54500697B75 /* Frameworks */ = {
			isa = PBXFrameworksBuildPhase;
			buildActionMask = 2147483647;
			files = (
				6E0D1033EE67066FE5B435DD /* Pods_Read_and_TellTests.framework in Frameworks */,
			);
			runOnlyForDeploymentPostprocessing = 0;
		};
		777FC58F2907B54500697B75 /* Frameworks */ = {
			isa = PBXFrameworksBuildPhase;
			buildActionMask = 2147483647;
			files = (
				27602EF3030EF51427C9146E /* Pods_Read_and_Tell_Read_and_TellUITests.framework in Frameworks */,
			);
			runOnlyForDeploymentPostprocessing = 0;
		};
/* End PBXFrameworksBuildPhase section */

/* Begin PBXGroup section */
		39325E62902EACE5C1872EFB /* Frameworks */ = {
			isa = PBXGroup;
			children = (
				AF36CD35202CA904D35BFBA0 /* Pods_Read_and_Tell.framework */,
				9DFE11B952D940728B8FA723 /* Pods_Read_and_Tell_Read_and_TellUITests.framework */,
				EFE015C5A82D533D0CC0F3B9 /* Pods_Read_and_TellTests.framework */,
			);
			name = Frameworks;
			sourceTree = "<group>";
		};
		777FC5692907B54300697B75 = {
			isa = PBXGroup;
			children = (
				777FC5742907B54300697B75 /* Read and Tell */,
				777FC58B2907B54500697B75 /* Read and TellTests */,
				777FC5952907B54500697B75 /* Read and TellUITests */,
				777FC5732907B54300697B75 /* Products */,
				A65BF5803E080CD22402EF20 /* Pods */,
				39325E62902EACE5C1872EFB /* Frameworks */,
			);
			sourceTree = "<group>";
		};
		777FC5732907B54300697B75 /* Products */ = {
			isa = PBXGroup;
			children = (
				777FC5722907B54300697B75 /* Read and Tell.app */,
				777FC5882907B54500697B75 /* Read and TellTests.xctest */,
				777FC5922907B54500697B75 /* Read and TellUITests.xctest */,
			);
			name = Products;
			sourceTree = "<group>";
		};
		777FC5742907B54300697B75 /* Read and Tell */ = {
			isa = PBXGroup;
			children = (
				777FC5752907B54300697B75 /* AppDelegate.swift */,
				777FC5772907B54300697B75 /* SceneDelegate.swift */,
				777FC5792907B54300697B75 /* ViewController.swift */,
				777FC57B2907B54300697B75 /* Main.storyboard */,
				7749C739290F9CAA0029A91D /* Assets.xcassets */,
				777FC5802907B54500697B75 /* LaunchScreen.storyboard */,
				777FC5832907B54500697B75 /* Info.plist */,
				89C21DB72909E1D500B041DE /* HomeScreenViewController.swift */,
				89C21DB92909E28D00B041DE /* BookGridCell.swift */,
				7749C737290F91B50029A91D /* CollectionScreenViewController.swift */,
				7749C73B290FA0000029A91D /* CollectionGridCell.swift */,
			);
			path = "Read and Tell";
			sourceTree = "<group>";
		};
		777FC58B2907B54500697B75 /* Read and TellTests */ = {
			isa = PBXGroup;
			children = (
				777FC58C2907B54500697B75 /* Read_and_TellTests.swift */,
			);
			path = "Read and TellTests";
			sourceTree = "<group>";
		};
		777FC5952907B54500697B75 /* Read and TellUITests */ = {
			isa = PBXGroup;
			children = (
				777FC5962907B54500697B75 /* Read_and_TellUITests.swift */,
				777FC5982907B54500697B75 /* Read_and_TellUITestsLaunchTests.swift */,
			);
			path = "Read and TellUITests";
			sourceTree = "<group>";
		};
		A65BF5803E080CD22402EF20 /* Pods */ = {
			isa = PBXGroup;
			children = (
				78DEE57CFB282671778E3684 /* Pods-Read and Tell.debug.xcconfig */,
				40396BFA8E8C38899A52D670 /* Pods-Read and Tell.release.xcconfig */,
				0E94179367F53937B60712C6 /* Pods-Read and Tell-Read and TellUITests.debug.xcconfig */,
				18D4AC31E380C62B0252851B /* Pods-Read and Tell-Read and TellUITests.release.xcconfig */,
				2FC5905E6DB9E40CD15426B5 /* Pods-Read and TellTests.debug.xcconfig */,
				E1354AA5EE378E6C00BCDDD3 /* Pods-Read and TellTests.release.xcconfig */,
			);
			path = Pods;
			sourceTree = "<group>";
		};
/* End PBXGroup section */

/* Begin PBXNativeTarget section */
		777FC5712907B54300697B75 /* Read and Tell */ = {
			isa = PBXNativeTarget;
			buildConfigurationList = 777FC59C2907B54500697B75 /* Build configuration list for PBXNativeTarget "Read and Tell" */;
			buildPhases = (
				D12EEEDD1D3EE85EA9B0158F /* [CP] Check Pods Manifest.lock */,
				777FC56E2907B54300697B75 /* Sources */,
				777FC56F2907B54300697B75 /* Frameworks */,
				777FC5702907B54300697B75 /* Resources */,
				339893DBFA5C83531FBFE384 /* [CP] Embed Pods Frameworks */,
			);
			buildRules = (
			);
			dependencies = (
			);
			name = "Read and Tell";
			productName = "Read and Tell";
			productReference = 777FC5722907B54300697B75 /* Read and Tell.app */;
			productType = "com.apple.product-type.application";
		};
		777FC5872907B54500697B75 /* Read and TellTests */ = {
			isa = PBXNativeTarget;
			buildConfigurationList = 777FC59F2907B54500697B75 /* Build configuration list for PBXNativeTarget "Read and TellTests" */;
			buildPhases = (
				4FAE46AF1E3B1520FEAC448D /* [CP] Check Pods Manifest.lock */,
				777FC5842907B54500697B75 /* Sources */,
				777FC5852907B54500697B75 /* Frameworks */,
				777FC5862907B54500697B75 /* Resources */,
			);
			buildRules = (
			);
			dependencies = (
				777FC58A2907B54500697B75 /* PBXTargetDependency */,
			);
			name = "Read and TellTests";
			productName = "Read and TellTests";
			productReference = 777FC5882907B54500697B75 /* Read and TellTests.xctest */;
			productType = "com.apple.product-type.bundle.unit-test";
		};
		777FC5912907B54500697B75 /* Read and TellUITests */ = {
			isa = PBXNativeTarget;
			buildConfigurationList = 777FC5A22907B54500697B75 /* Build configuration list for PBXNativeTarget "Read and TellUITests" */;
			buildPhases = (
				47B3FBB08BE33977E58E077B /* [CP] Check Pods Manifest.lock */,
				777FC58E2907B54500697B75 /* Sources */,
				777FC58F2907B54500697B75 /* Frameworks */,
				777FC5902907B54500697B75 /* Resources */,
				389CD6616AD9182565450C48 /* [CP] Embed Pods Frameworks */,
			);
			buildRules = (
			);
			dependencies = (
				777FC5942907B54500697B75 /* PBXTargetDependency */,
			);
			name = "Read and TellUITests";
			productName = "Read and TellUITests";
			productReference = 777FC5922907B54500697B75 /* Read and TellUITests.xctest */;
			productType = "com.apple.product-type.bundle.ui-testing";
		};
/* End PBXNativeTarget section */

/* Begin PBXProject section */
		777FC56A2907B54300697B75 /* Project object */ = {
			isa = PBXProject;
			attributes = {
				BuildIndependentTargetsInParallel = 1;
				LastSwiftUpdateCheck = 1400;
				LastUpgradeCheck = 1400;
				TargetAttributes = {
					777FC5712907B54300697B75 = {
						CreatedOnToolsVersion = 14.0;
					};
					777FC5872907B54500697B75 = {
						CreatedOnToolsVersion = 14.0;
						TestTargetID = 777FC5712907B54300697B75;
					};
					777FC5912907B54500697B75 = {
						CreatedOnToolsVersion = 14.0;
						TestTargetID = 777FC5712907B54300697B75;
					};
				};
			};
			buildConfigurationList = 777FC56D2907B54300697B75 /* Build configuration list for PBXProject "Read and Tell" */;
			compatibilityVersion = "Xcode 13.0";
			developmentRegion = en;
			hasScannedForEncodings = 0;
			knownRegions = (
				en,
				Base,
			);
			mainGroup = 777FC5692907B54300697B75;
			productRefGroup = 777FC5732907B54300697B75 /* Products */;
			projectDirPath = "";
			projectRoot = "";
			targets = (
				777FC5712907B54300697B75 /* Read and Tell */,
				777FC5872907B54500697B75 /* Read and TellTests */,
				777FC5912907B54500697B75 /* Read and TellUITests */,
			);
		};
/* End PBXProject section */

/* Begin PBXResourcesBuildPhase section */
		777FC5702907B54300697B75 /* Resources */ = {
			isa = PBXResourcesBuildPhase;
			buildActionMask = 2147483647;
			files = (
				777FC5822907B54500697B75 /* LaunchScreen.storyboard in Resources */,
				7749C73A290F9CAA0029A91D /* Assets.xcassets in Resources */,
				777FC57D2907B54300697B75 /* Main.storyboard in Resources */,
			);
			runOnlyForDeploymentPostprocessing = 0;
		};
		777FC5862907B54500697B75 /* Resources */ = {
			isa = PBXResourcesBuildPhase;
			buildActionMask = 2147483647;
			files = (
			);
			runOnlyForDeploymentPostprocessing = 0;
		};
		777FC5902907B54500697B75 /* Resources */ = {
			isa = PBXResourcesBuildPhase;
			buildActionMask = 2147483647;
			files = (
			);
			runOnlyForDeploymentPostprocessing = 0;
		};
/* End PBXResourcesBuildPhase section */

/* Begin PBXShellScriptBuildPhase section */
		339893DBFA5C83531FBFE384 /* [CP] Embed Pods Frameworks */ = {
			isa = PBXShellScriptBuildPhase;
			buildActionMask = 2147483647;
			files = (
			);
			inputFileListPaths = (
				"${PODS_ROOT}/Target Support Files/Pods-Read and Tell/Pods-Read and Tell-frameworks-${CONFIGURATION}-input-files.xcfilelist",
			);
			name = "[CP] Embed Pods Frameworks";
			outputFileListPaths = (
				"${PODS_ROOT}/Target Support Files/Pods-Read and Tell/Pods-Read and Tell-frameworks-${CONFIGURATION}-output-files.xcfilelist",
			);
			runOnlyForDeploymentPostprocessing = 0;
			shellPath = /bin/sh;
			shellScript = "\"${PODS_ROOT}/Target Support Files/Pods-Read and Tell/Pods-Read and Tell-frameworks.sh\"\n";
			showEnvVarsInLog = 0;
		};
		389CD6616AD9182565450C48 /* [CP] Embed Pods Frameworks */ = {
			isa = PBXShellScriptBuildPhase;
			buildActionMask = 2147483647;
			files = (
			);
			inputFileListPaths = (
				"${PODS_ROOT}/Target Support Files/Pods-Read and Tell-Read and TellUITests/Pods-Read and Tell-Read and TellUITests-frameworks-${CONFIGURATION}-input-files.xcfilelist",
			);
			name = "[CP] Embed Pods Frameworks";
			outputFileListPaths = (
				"${PODS_ROOT}/Target Support Files/Pods-Read and Tell-Read and TellUITests/Pods-Read and Tell-Read and TellUITests-frameworks-${CONFIGURATION}-output-files.xcfilelist",
			);
			runOnlyForDeploymentPostprocessing = 0;
			shellPath = /bin/sh;
			shellScript = "\"${PODS_ROOT}/Target Support Files/Pods-Read and Tell-Read and TellUITests/Pods-Read and Tell-Read and TellUITests-frameworks.sh\"\n";
			showEnvVarsInLog = 0;
		};
		47B3FBB08BE33977E58E077B /* [CP] Check Pods Manifest.lock */ = {
			isa = PBXShellScriptBuildPhase;
			buildActionMask = 2147483647;
			files = (
			);
			inputFileListPaths = (
			);
			inputPaths = (
				"${PODS_PODFILE_DIR_PATH}/Podfile.lock",
				"${PODS_ROOT}/Manifest.lock",
			);
			name = "[CP] Check Pods Manifest.lock";
			outputFileListPaths = (
			);
			outputPaths = (
				"$(DERIVED_FILE_DIR)/Pods-Read and Tell-Read and TellUITests-checkManifestLockResult.txt",
			);
			runOnlyForDeploymentPostprocessing = 0;
			shellPath = /bin/sh;
			shellScript = "diff \"${PODS_PODFILE_DIR_PATH}/Podfile.lock\" \"${PODS_ROOT}/Manifest.lock\" > /dev/null\nif [ $? != 0 ] ; then\n    # print error to STDERR\n    echo \"error: The sandbox is not in sync with the Podfile.lock. Run 'pod install' or update your CocoaPods installation.\" >&2\n    exit 1\nfi\n# This output is used by Xcode 'outputs' to avoid re-running this script phase.\necho \"SUCCESS\" > \"${SCRIPT_OUTPUT_FILE_0}\"\n";
			showEnvVarsInLog = 0;
		};
		4FAE46AF1E3B1520FEAC448D /* [CP] Check Pods Manifest.lock */ = {
			isa = PBXShellScriptBuildPhase;
			buildActionMask = 2147483647;
			files = (
			);
			inputFileListPaths = (
			);
			inputPaths = (
				"${PODS_PODFILE_DIR_PATH}/Podfile.lock",
				"${PODS_ROOT}/Manifest.lock",
			);
			name = "[CP] Check Pods Manifest.lock";
			outputFileListPaths = (
			);
			outputPaths = (
				"$(DERIVED_FILE_DIR)/Pods-Read and TellTests-checkManifestLockResult.txt",
			);
			runOnlyForDeploymentPostprocessing = 0;
			shellPath = /bin/sh;
			shellScript = "diff \"${PODS_PODFILE_DIR_PATH}/Podfile.lock\" \"${PODS_ROOT}/Manifest.lock\" > /dev/null\nif [ $? != 0 ] ; then\n    # print error to STDERR\n    echo \"error: The sandbox is not in sync with the Podfile.lock. Run 'pod install' or update your CocoaPods installation.\" >&2\n    exit 1\nfi\n# This output is used by Xcode 'outputs' to avoid re-running this script phase.\necho \"SUCCESS\" > \"${SCRIPT_OUTPUT_FILE_0}\"\n";
			showEnvVarsInLog = 0;
		};
		D12EEEDD1D3EE85EA9B0158F /* [CP] Check Pods Manifest.lock */ = {
			isa = PBXShellScriptBuildPhase;
			buildActionMask = 2147483647;
			files = (
			);
			inputFileListPaths = (
			);
			inputPaths = (
				"${PODS_PODFILE_DIR_PATH}/Podfile.lock",
				"${PODS_ROOT}/Manifest.lock",
			);
			name = "[CP] Check Pods Manifest.lock";
			outputFileListPaths = (
			);
			outputPaths = (
				"$(DERIVED_FILE_DIR)/Pods-Read and Tell-checkManifestLockResult.txt",
			);
			runOnlyForDeploymentPostprocessing = 0;
			shellPath = /bin/sh;
			shellScript = "diff \"${PODS_PODFILE_DIR_PATH}/Podfile.lock\" \"${PODS_ROOT}/Manifest.lock\" > /dev/null\nif [ $? != 0 ] ; then\n    # print error to STDERR\n    echo \"error: The sandbox is not in sync with the Podfile.lock. Run 'pod install' or update your CocoaPods installation.\" >&2\n    exit 1\nfi\n# This output is used by Xcode 'outputs' to avoid re-running this script phase.\necho \"SUCCESS\" > \"${SCRIPT_OUTPUT_FILE_0}\"\n";
			showEnvVarsInLog = 0;
		};
/* End PBXShellScriptBuildPhase section */

/* Begin PBXSourcesBuildPhase section */
		777FC56E2907B54300697B75 /* Sources */ = {
			isa = PBXSourcesBuildPhase;
			buildActionMask = 2147483647;
			files = (
				89C21DBA2909E28D00B041DE /* BookGridCell.swift in Sources */,
				777FC57A2907B54300697B75 /* ViewController.swift in Sources */,
				89C21DB82909E1D500B041DE /* HomeScreenViewController.swift in Sources */,
				777FC5762907B54300697B75 /* AppDelegate.swift in Sources */,
				7749C738290F91B50029A91D /* CollectionScreenViewController.swift in Sources */,
				777FC5782907B54300697B75 /* SceneDelegate.swift in Sources */,
				7749C73C290FA0000029A91D /* CollectionGridCell.swift in Sources */,
			);
			runOnlyForDeploymentPostprocessing = 0;
		};
		777FC5842907B54500697B75 /* Sources */ = {
			isa = PBXSourcesBuildPhase;
			buildActionMask = 2147483647;
			files = (
				777FC58D2907B54500697B75 /* Read_and_TellTests.swift in Sources */,
			);
			runOnlyForDeploymentPostprocessing = 0;
		};
		777FC58E2907B54500697B75 /* Sources */ = {
			isa = PBXSourcesBuildPhase;
			buildActionMask = 2147483647;
			files = (
				777FC5972907B54500697B75 /* Read_and_TellUITests.swift in Sources */,
				777FC5992907B54500697B75 /* Read_and_TellUITestsLaunchTests.swift in Sources */,
			);
			runOnlyForDeploymentPostprocessing = 0;
		};
/* End PBXSourcesBuildPhase section */

/* Begin PBXTargetDependency section */
		777FC58A2907B54500697B75 /* PBXTargetDependency */ = {
			isa = PBXTargetDependency;
			target = 777FC5712907B54300697B75 /* Read and Tell */;
			targetProxy = 777FC5892907B54500697B75 /* PBXContainerItemProxy */;
		};
		777FC5942907B54500697B75 /* PBXTargetDependency */ = {
			isa = PBXTargetDependency;
			target = 777FC5712907B54300697B75 /* Read and Tell */;
			targetProxy = 777FC5932907B54500697B75 /* PBXContainerItemProxy */;
		};
/* End PBXTargetDependency section */

/* Begin PBXVariantGroup section */
		777FC57B2907B54300697B75 /* Main.storyboard */ = {
			isa = PBXVariantGroup;
			children = (
				777FC57C2907B54300697B75 /* Base */,
			);
			name = Main.storyboard;
			sourceTree = "<group>";
		};
		777FC5802907B54500697B75 /* LaunchScreen.storyboard */ = {
			isa = PBXVariantGroup;
			children = (
				777FC5812907B54500697B75 /* Base */,
			);
			name = LaunchScreen.storyboard;
			sourceTree = "<group>";
		};
/* End PBXVariantGroup section */

/* Begin XCBuildConfiguration section */
		777FC59A2907B54500697B75 /* Debug */ = {
			isa = XCBuildConfiguration;
			buildSettings = {
				ALWAYS_SEARCH_USER_PATHS = NO;
				CLANG_ANALYZER_NONNULL = YES;
				CLANG_ANALYZER_NUMBER_OBJECT_CONVERSION = YES_AGGRESSIVE;
				CLANG_CXX_LANGUAGE_STANDARD = "gnu++20";
				CLANG_ENABLE_MODULES = YES;
				CLANG_ENABLE_OBJC_ARC = YES;
				CLANG_ENABLE_OBJC_WEAK = YES;
				CLANG_WARN_BLOCK_CAPTURE_AUTORELEASING = YES;
				CLANG_WARN_BOOL_CONVERSION = YES;
				CLANG_WARN_COMMA = YES;
				CLANG_WARN_CONSTANT_CONVERSION = YES;
				CLANG_WARN_DEPRECATED_OBJC_IMPLEMENTATIONS = YES;
				CLANG_WARN_DIRECT_OBJC_ISA_USAGE = YES_ERROR;
				CLANG_WARN_DOCUMENTATION_COMMENTS = YES;
				CLANG_WARN_EMPTY_BODY = YES;
				CLANG_WARN_ENUM_CONVERSION = YES;
				CLANG_WARN_INFINITE_RECURSION = YES;
				CLANG_WARN_INT_CONVERSION = YES;
				CLANG_WARN_NON_LITERAL_NULL_CONVERSION = YES;
				CLANG_WARN_OBJC_IMPLICIT_RETAIN_SELF = YES;
				CLANG_WARN_OBJC_LITERAL_CONVERSION = YES;
				CLANG_WARN_OBJC_ROOT_CLASS = YES_ERROR;
				CLANG_WARN_QUOTED_INCLUDE_IN_FRAMEWORK_HEADER = YES;
				CLANG_WARN_RANGE_LOOP_ANALYSIS = YES;
				CLANG_WARN_STRICT_PROTOTYPES = YES;
				CLANG_WARN_SUSPICIOUS_MOVE = YES;
				CLANG_WARN_UNGUARDED_AVAILABILITY = YES_AGGRESSIVE;
				CLANG_WARN_UNREACHABLE_CODE = YES;
				CLANG_WARN__DUPLICATE_METHOD_MATCH = YES;
				COPY_PHASE_STRIP = NO;
				DEBUG_INFORMATION_FORMAT = dwarf;
				ENABLE_STRICT_OBJC_MSGSEND = YES;
				ENABLE_TESTABILITY = YES;
				GCC_C_LANGUAGE_STANDARD = gnu11;
				GCC_DYNAMIC_NO_PIC = NO;
				GCC_NO_COMMON_BLOCKS = YES;
				GCC_OPTIMIZATION_LEVEL = 0;
				GCC_PREPROCESSOR_DEFINITIONS = (
					"DEBUG=1",
					"$(inherited)",
				);
				GCC_WARN_64_TO_32_BIT_CONVERSION = YES;
				GCC_WARN_ABOUT_RETURN_TYPE = YES_ERROR;
				GCC_WARN_UNDECLARED_SELECTOR = YES;
				GCC_WARN_UNINITIALIZED_AUTOS = YES_AGGRESSIVE;
				GCC_WARN_UNUSED_FUNCTION = YES;
				GCC_WARN_UNUSED_VARIABLE = YES;
				IPHONEOS_DEPLOYMENT_TARGET = 16.0;
				MTL_ENABLE_DEBUG_INFO = INCLUDE_SOURCE;
				MTL_FAST_MATH = YES;
				ONLY_ACTIVE_ARCH = YES;
				SDKROOT = iphoneos;
				SWIFT_ACTIVE_COMPILATION_CONDITIONS = DEBUG;
				SWIFT_OPTIMIZATION_LEVEL = "-Onone";
			};
			name = Debug;
		};
		777FC59B2907B54500697B75 /* Release */ = {
			isa = XCBuildConfiguration;
			buildSettings = {
				ALWAYS_SEARCH_USER_PATHS = NO;
				CLANG_ANALYZER_NONNULL = YES;
				CLANG_ANALYZER_NUMBER_OBJECT_CONVERSION = YES_AGGRESSIVE;
				CLANG_CXX_LANGUAGE_STANDARD = "gnu++20";
				CLANG_ENABLE_MODULES = YES;
				CLANG_ENABLE_OBJC_ARC = YES;
				CLANG_ENABLE_OBJC_WEAK = YES;
				CLANG_WARN_BLOCK_CAPTURE_AUTORELEASING = YES;
				CLANG_WARN_BOOL_CONVERSION = YES;
				CLANG_WARN_COMMA = YES;
				CLANG_WARN_CONSTANT_CONVERSION = YES;
				CLANG_WARN_DEPRECATED_OBJC_IMPLEMENTATIONS = YES;
				CLANG_WARN_DIRECT_OBJC_ISA_USAGE = YES_ERROR;
				CLANG_WARN_DOCUMENTATION_COMMENTS = YES;
				CLANG_WARN_EMPTY_BODY = YES;
				CLANG_WARN_ENUM_CONVERSION = YES;
				CLANG_WARN_INFINITE_RECURSION = YES;
				CLANG_WARN_INT_CONVERSION = YES;
				CLANG_WARN_NON_LITERAL_NULL_CONVERSION = YES;
				CLANG_WARN_OBJC_IMPLICIT_RETAIN_SELF = YES;
				CLANG_WARN_OBJC_LITERAL_CONVERSION = YES;
				CLANG_WARN_OBJC_ROOT_CLASS = YES_ERROR;
				CLANG_WARN_QUOTED_INCLUDE_IN_FRAMEWORK_HEADER = YES;
				CLANG_WARN_RANGE_LOOP_ANALYSIS = YES;
				CLANG_WARN_STRICT_PROTOTYPES = YES;
				CLANG_WARN_SUSPICIOUS_MOVE = YES;
				CLANG_WARN_UNGUARDED_AVAILABILITY = YES_AGGRESSIVE;
				CLANG_WARN_UNREACHABLE_CODE = YES;
				CLANG_WARN__DUPLICATE_METHOD_MATCH = YES;
				COPY_PHASE_STRIP = NO;
				DEBUG_INFORMATION_FORMAT = "dwarf-with-dsym";
				ENABLE_NS_ASSERTIONS = NO;
				ENABLE_STRICT_OBJC_MSGSEND = YES;
				GCC_C_LANGUAGE_STANDARD = gnu11;
				GCC_NO_COMMON_BLOCKS = YES;
				GCC_WARN_64_TO_32_BIT_CONVERSION = YES;
				GCC_WARN_ABOUT_RETURN_TYPE = YES_ERROR;
				GCC_WARN_UNDECLARED_SELECTOR = YES;
				GCC_WARN_UNINITIALIZED_AUTOS = YES_AGGRESSIVE;
				GCC_WARN_UNUSED_FUNCTION = YES;
				GCC_WARN_UNUSED_VARIABLE = YES;
				IPHONEOS_DEPLOYMENT_TARGET = 16.0;
				MTL_ENABLE_DEBUG_INFO = NO;
				MTL_FAST_MATH = YES;
				SDKROOT = iphoneos;
				SWIFT_COMPILATION_MODE = wholemodule;
				SWIFT_OPTIMIZATION_LEVEL = "-O";
				VALIDATE_PRODUCT = YES;
			};
			name = Release;
		};
		777FC59D2907B54500697B75 /* Debug */ = {
			isa = XCBuildConfiguration;
			baseConfigurationReference = 78DEE57CFB282671778E3684 /* Pods-Read and Tell.debug.xcconfig */;
			buildSettings = {
				ASSETCATALOG_COMPILER_APPICON_NAME = AppIcon;
				ASSETCATALOG_COMPILER_GLOBAL_ACCENT_COLOR_NAME = AccentColor;
				CODE_SIGN_STYLE = Automatic;
				CURRENT_PROJECT_VERSION = 1;
				DEVELOPMENT_TEAM = TALB7XK4KM;
				GENERATE_INFOPLIST_FILE = YES;
				INFOPLIST_FILE = "Read and Tell/Info.plist";
				INFOPLIST_KEY_UIApplicationSupportsIndirectInputEvents = YES;
				INFOPLIST_KEY_UILaunchStoryboardName = LaunchScreen;
				INFOPLIST_KEY_UIMainStoryboardFile = Main;
				INFOPLIST_KEY_UISupportedInterfaceOrientations_iPad = "UIInterfaceOrientationPortrait UIInterfaceOrientationPortraitUpsideDown UIInterfaceOrientationLandscapeLeft UIInterfaceOrientationLandscapeRight";
				INFOPLIST_KEY_UISupportedInterfaceOrientations_iPhone = "UIInterfaceOrientationPortrait UIInterfaceOrientationLandscapeLeft UIInterfaceOrientationLandscapeRight";
				IPHONEOS_DEPLOYMENT_TARGET = 14.0;
				LD_RUNPATH_SEARCH_PATHS = (
					"$(inherited)",
					"@executable_path/Frameworks",
				);
				MARKETING_VERSION = 1.0;
				PRODUCT_BUNDLE_IDENTIFIER = "com.elainertl.Read-and-Tell";
				PRODUCT_NAME = "$(TARGET_NAME)";
				SWIFT_EMIT_LOC_STRINGS = YES;
				SWIFT_VERSION = 5.0;
				TARGETED_DEVICE_FAMILY = "1,2";
			};
			name = Debug;
		};
		777FC59E2907B54500697B75 /* Release */ = {
			isa = XCBuildConfiguration;
			baseConfigurationReference = 40396BFA8E8C38899A52D670 /* Pods-Read and Tell.release.xcconfig */;
			buildSettings = {
				ASSETCATALOG_COMPILER_APPICON_NAME = AppIcon;
				ASSETCATALOG_COMPILER_GLOBAL_ACCENT_COLOR_NAME = AccentColor;
				CODE_SIGN_STYLE = Automatic;
				CURRENT_PROJECT_VERSION = 1;
				DEVELOPMENT_TEAM = TALB7XK4KM;
				GENERATE_INFOPLIST_FILE = YES;
				INFOPLIST_FILE = "Read and Tell/Info.plist";
				INFOPLIST_KEY_UIApplicationSupportsIndirectInputEvents = YES;
				INFOPLIST_KEY_UILaunchStoryboardName = LaunchScreen;
				INFOPLIST_KEY_UIMainStoryboardFile = Main;
				INFOPLIST_KEY_UISupportedInterfaceOrientations_iPad = "UIInterfaceOrientationPortrait UIInterfaceOrientationPortraitUpsideDown UIInterfaceOrientationLandscapeLeft UIInterfaceOrientationLandscapeRight";
				INFOPLIST_KEY_UISupportedInterfaceOrientations_iPhone = "UIInterfaceOrientationPortrait UIInterfaceOrientationLandscapeLeft UIInterfaceOrientationLandscapeRight";
				IPHONEOS_DEPLOYMENT_TARGET = 14.0;
				LD_RUNPATH_SEARCH_PATHS = (
					"$(inherited)",
					"@executable_path/Frameworks",
				);
				MARKETING_VERSION = 1.0;
				PRODUCT_BUNDLE_IDENTIFIER = "com.elainertl.Read-and-Tell";
				PRODUCT_NAME = "$(TARGET_NAME)";
				SWIFT_EMIT_LOC_STRINGS = YES;
				SWIFT_VERSION = 5.0;
				TARGETED_DEVICE_FAMILY = "1,2";
			};
			name = Release;
		};
		777FC5A02907B54500697B75 /* Debug */ = {
			isa = XCBuildConfiguration;
			baseConfigurationReference = 2FC5905E6DB9E40CD15426B5 /* Pods-Read and TellTests.debug.xcconfig */;
			buildSettings = {
				ALWAYS_EMBED_SWIFT_STANDARD_LIBRARIES = YES;
				BUNDLE_LOADER = "$(TEST_HOST)";
				CODE_SIGN_STYLE = Automatic;
				CURRENT_PROJECT_VERSION = 1;
				DEVELOPMENT_TEAM = TALB7XK4KM;
				GENERATE_INFOPLIST_FILE = YES;
				IPHONEOS_DEPLOYMENT_TARGET = 16.0;
				MARKETING_VERSION = 1.0;
				PRODUCT_BUNDLE_IDENTIFIER = "com.elainertl.Read-and-TellTests";
				PRODUCT_NAME = "$(TARGET_NAME)";
				SWIFT_EMIT_LOC_STRINGS = NO;
				SWIFT_VERSION = 5.0;
				TARGETED_DEVICE_FAMILY = "1,2";
				TEST_HOST = "$(BUILT_PRODUCTS_DIR)/Read and Tell.app/$(BUNDLE_EXECUTABLE_FOLDER_PATH)/Read and Tell";
			};
			name = Debug;
		};
		777FC5A12907B54500697B75 /* Release */ = {
			isa = XCBuildConfiguration;
			baseConfigurationReference = E1354AA5EE378E6C00BCDDD3 /* Pods-Read and TellTests.release.xcconfig */;
			buildSettings = {
				ALWAYS_EMBED_SWIFT_STANDARD_LIBRARIES = YES;
				BUNDLE_LOADER = "$(TEST_HOST)";
				CODE_SIGN_STYLE = Automatic;
				CURRENT_PROJECT_VERSION = 1;
				DEVELOPMENT_TEAM = TALB7XK4KM;
				GENERATE_INFOPLIST_FILE = YES;
				IPHONEOS_DEPLOYMENT_TARGET = 16.0;
				MARKETING_VERSION = 1.0;
				PRODUCT_BUNDLE_IDENTIFIER = "com.elainertl.Read-and-TellTests";
				PRODUCT_NAME = "$(TARGET_NAME)";
				SWIFT_EMIT_LOC_STRINGS = NO;
				SWIFT_VERSION = 5.0;
				TARGETED_DEVICE_FAMILY = "1,2";
				TEST_HOST = "$(BUILT_PRODUCTS_DIR)/Read and Tell.app/$(BUNDLE_EXECUTABLE_FOLDER_PATH)/Read and Tell";
			};
			name = Release;
		};
		777FC5A32907B54500697B75 /* Debug */ = {
			isa = XCBuildConfiguration;
			baseConfigurationReference = 0E94179367F53937B60712C6 /* Pods-Read and Tell-Read and TellUITests.debug.xcconfig */;
			buildSettings = {
				ALWAYS_EMBED_SWIFT_STANDARD_LIBRARIES = YES;
				CODE_SIGN_STYLE = Automatic;
				CURRENT_PROJECT_VERSION = 1;
				DEVELOPMENT_TEAM = TALB7XK4KM;
				GENERATE_INFOPLIST_FILE = YES;
				MARKETING_VERSION = 1.0;
				PRODUCT_BUNDLE_IDENTIFIER = "com.elainertl.Read-and-TellUITests";
				PRODUCT_NAME = "$(TARGET_NAME)";
				SWIFT_EMIT_LOC_STRINGS = NO;
				SWIFT_VERSION = 5.0;
				TARGETED_DEVICE_FAMILY = "1,2";
				TEST_TARGET_NAME = "Read and Tell";
			};
			name = Debug;
		};
		777FC5A42907B54500697B75 /* Release */ = {
			isa = XCBuildConfiguration;
			baseConfigurationReference = 18D4AC31E380C62B0252851B /* Pods-Read and Tell-Read and TellUITests.release.xcconfig */;
			buildSettings = {
				ALWAYS_EMBED_SWIFT_STANDARD_LIBRARIES = YES;
				CODE_SIGN_STYLE = Automatic;
				CURRENT_PROJECT_VERSION = 1;
				DEVELOPMENT_TEAM = TALB7XK4KM;
				GENERATE_INFOPLIST_FILE = YES;
				MARKETING_VERSION = 1.0;
				PRODUCT_BUNDLE_IDENTIFIER = "com.elainertl.Read-and-TellUITests";
				PRODUCT_NAME = "$(TARGET_NAME)";
				SWIFT_EMIT_LOC_STRINGS = NO;
				SWIFT_VERSION = 5.0;
				TARGETED_DEVICE_FAMILY = "1,2";
				TEST_TARGET_NAME = "Read and Tell";
			};
			name = Release;
		};
/* End XCBuildConfiguration section */

/* Begin XCConfigurationList section */
		777FC56D2907B54300697B75 /* Build configuration list for PBXProject "Read and Tell" */ = {
			isa = XCConfigurationList;
			buildConfigurations = (
				777FC59A2907B54500697B75 /* Debug */,
				777FC59B2907B54500697B75 /* Release */,
			);
			defaultConfigurationIsVisible = 0;
			defaultConfigurationName = Release;
		};
		777FC59C2907B54500697B75 /* Build configuration list for PBXNativeTarget "Read and Tell" */ = {
			isa = XCConfigurationList;
			buildConfigurations = (
				777FC59D2907B54500697B75 /* Debug */,
				777FC59E2907B54500697B75 /* Release */,
			);
			defaultConfigurationIsVisible = 0;
			defaultConfigurationName = Release;
		};
		777FC59F2907B54500697B75 /* Build configuration list for PBXNativeTarget "Read and TellTests" */ = {
			isa = XCConfigurationList;
			buildConfigurations = (
				777FC5A02907B54500697B75 /* Debug */,
				777FC5A12907B54500697B75 /* Release */,
			);
			defaultConfigurationIsVisible = 0;
			defaultConfigurationName = Release;
		};
		777FC5A22907B54500697B75 /* Build configuration list for PBXNativeTarget "Read and TellUITests" */ = {
			isa = XCConfigurationList;
			buildConfigurations = (
				777FC5A32907B54500697B75 /* Debug */,
				777FC5A42907B54500697B75 /* Release */,
			);
			defaultConfigurationIsVisible = 0;
			defaultConfigurationName = Release;
		};
/* End XCConfigurationList section */
	};
	rootObject = 777FC56A2907B54300697B75 /* Project object */;
}
